
Microsoft Visual Studio Solution File, Format Version 12.00
# Visual Studio Version 16
VisualStudioVersion = 16.0.28803.202
MinimumVisualStudioVersion = 10.0.40219.1
Project("{9A19103F-16F7-4668-BE54-9A1E7A4F7556}") = "IdentityService", "IdentityService\IdentityService.csproj", "{47C3B081-6F99-4039-B87C-0526E6304D20}"
EndProject
Global
	GlobalSection(SolutionConfigurationPlatforms) = preSolution
		Debug|Any CPU = Debug|Any CPU
		Release|Any CPU = Release|Any CPU
	EndGlobalSection
	GlobalSection(ProjectConfigurationPlatforms) = postSolution
		{47C3B081-6F99-4039-B87C-0526E6304D20}.Debug|Any CPU.ActiveCfg = Debug|Any CPU
		{47C3B081-6F99-4039-B87C-0526E6304D20}.Debug|Any CPU.Build.0 = Debug|Any CPU
		{47C3B081-6F99-4039-B87C-0526E6304D20}.Release|Any CPU.ActiveCfg = Release|Any CPU
		{47C3B081-6F99-4039-B87C-0526E6304D20}.Release|Any CPU.Build.0 = Release|Any CPU
	EndGlobalSection
	GlobalSection(SolutionProperties) = preSolution
		HideSolutionNode = FALSE
	EndGlobalSection
	GlobalSection(ExtensibilityGlobals) = postSolution
		SolutionGuid = {D5E3342E-563A-405E-BDB3-D580740417EF}
	EndGlobalSection
EndGlobal
